Microsoft Visual Studio Solution File, Format Version 12.00
# Visual Studio Version 17
VisualStudioVersion = 17.0.31903.59
MinimumVisualStudioVersion = 10.0.40219.1
Project("{FAE04EC0-301F-11D3-BF4B-00C04F79EFBC}") = "NxbLesson09Annotation", "NxbLesson09Annotation.csproj", "{B51921CD-1984-4253-9B45-58C17BA2068B}"
EndProject
Global
	GlobalSection(SolutionConfigurationPlatforms) = preSolution
		Debug|Any CPU = Debug|Any CPU
		Release|Any CPU = Release|Any CPU
	EndGlobalSection
	GlobalSection(ProjectConfigurationPlatforms) = postSolution
		{B51921CD-1984-4253-9B45-58C17BA2068B}.Debug|Any CPU.ActiveCfg = Debug|Any CPU
		{B51921CD-1984-4253-9B45-58C17BA2068B}.Debug|Any CPU.Build.0 = Debug|Any CPU
		{B51921CD-1984-4253-9B45-58C17BA2068B}.Release|Any CPU.ActiveCfg = Release|Any CPU
		{B51921CD-1984-4253-9B45-58C17BA2068B}.Release|Any CPU.Build.0 = Release|Any CPU
	EndGlobalSection
EndGlobal
